<?xml version="1.0" encoding="utf-8"?>
<Project ToolsVersion="4.0" xmlns="http://schemas.microsoft.com/developer/msbuild/2003">
  <ItemGroup>
    <ClCompile Include="lencod\src\annexb.c">
      <Filter>src</Filter>
    </ClCompile>
    <ClCompile Include="lencod\src\biariencode.c">
      <Filter>src</Filter>
    </ClCompile>
    <ClCompile Include="lcommon\src\blk_prediction.c">
      <Filter>src</Filter>
    </ClCompile>
    <ClCompile Include="lencod\src\block.c">
      <Filter>src</Filter>
    </ClCompile>
    <ClCompile Include="lencod\src\cabac.c">
      <Filter>src</Filter>
    </ClCompile>
    <ClCompile Include="lencod\src\cconv_yuv2rgb.c">
      <Filter>src</Filter>
    </ClCompile>
    <ClCompile Include="lcommon\src\config_common.c">
      <Filter>src</Filter>
    </ClCompile>
    <ClCompile Include="lencod\src\configfile.c">
      <Filter>src</Filter>
    </ClCompile>
    <ClCompile Include="lencod\src\conformance.c">
      <Filter>src</Filter>
    </ClCompile>
    <ClCompile Include="lencod\src\context_ini.c">
      <Filter>src</Filter>
    </ClCompile>
    <ClCompile Include="lencod\src\errdo.c">
      <Filter>src</Filter>
    </ClCompile>
    <ClCompile Include="lencod\src\errdo_dist_mhyp.c">
      <Filter>src</Filter>
    </ClCompile>
    <ClCompile Include="lencod\src\explicit_gop.c">
      <Filter>src</Filter>
    </ClCompile>
    <ClCompile Include="lencod\src\explicit_seq.c">
      <Filter>src</Filter>
    </ClCompile>
    <ClCompile Include="lencod\src\filehandle.c">
      <Filter>src</Filter>
    </ClCompile>
    <ClCompile Include="lencod\src\fmo.c">
      <Filter>src</Filter>
    </ClCompile>
    <ClCompile Include="lencod\src\header.c">
      <Filter>src</Filter>
    </ClCompile>
    <ClCompile Include="lencod\src\image.c">
      <Filter>src</Filter>
    </ClCompile>
    <ClCompile Include="lencod\src\image_mp.c">
      <Filter>src</Filter>
    </ClCompile>
    <ClCompile Include="lencod\src\img_dist_ms_ssim.c">
      <Filter>src</Filter>
    </ClCompile>
    <ClCompile Include="lencod\src\img_dist_snr.c">
      <Filter>src</Filter>
    </ClCompile>
    <ClCompile Include="lencod\src\img_dist_ssim.c">
      <Filter>src</Filter>
    </ClCompile>
    <ClCompile Include="lencod\src\img_distortion.c">
      <Filter>src</Filter>
    </ClCompile>
    <ClCompile Include="lcommon\src\img_io.c">
      <Filter>src</Filter>
    </ClCompile>
    <ClCompile Include="lcommon\src\img_process.c">
      <Filter>src</Filter>
    </ClCompile>
    <ClCompile Include="lcommon\src\input.c">
      <Filter>src</Filter>
    </ClCompile>
    <ClCompile Include="lencod\src\intra16x16.c">
      <Filter>src</Filter>
    </ClCompile>
    <ClCompile Include="lencod\src\intra4x4.c">
      <Filter>src</Filter>
    </ClCompile>
    <ClCompile Include="lencod\src\intra8x8.c">
      <Filter>src</Filter>
    </ClCompile>
    <ClCompile Include="lencod\src\intra_chroma.c">
      <Filter>src</Filter>
    </ClCompile>
    <ClCompile Include="lencod\src\intrarefresh.c">
      <Filter>src</Filter>
    </ClCompile>
    <ClCompile Include="lcommon\src\io_raw.c">
      <Filter>src</Filter>
    </ClCompile>
    <ClCompile Include="lcommon\src\io_tiff.c">
      <Filter>src</Filter>
    </ClCompile>
    <ClCompile Include="lencod\src\lambda.c">
      <Filter>src</Filter>
    </ClCompile>
    <ClCompile Include="lencod\src\leaky_bucket.c">
      <Filter>src</Filter>
    </ClCompile>
    <ClCompile Include="lencod\src\lencod.c">
      <Filter>src</Filter>
    </ClCompile>
    <ClCompile Include="lencod\src\list_reorder.c">
      <Filter>src</Filter>
    </ClCompile>
    <ClCompile Include="lencod\src\lln_mc_prediction.c">
      <Filter>src</Filter>
    </ClCompile>
    <ClCompile Include="lencod\src\loop_filter_mbaff.c">
      <Filter>src</Filter>
    </ClCompile>
    <ClCompile Include="lencod\src\loop_filter_normal.c">
      <Filter>src</Filter>
    </ClCompile>
    <ClCompile Include="lencod\src\loopFilter.c">
      <Filter>src</Filter>
    </ClCompile>
    <ClCompile Include="lencod\src\macroblock.c">
      <Filter>src</Filter>
    </ClCompile>
    <ClCompile Include="lencod\src\macroblock_P444.c">
      <Filter>src</Filter>
    </ClCompile>
    <ClCompile Include="lencod\src\mb_access.c">
      <Filter>src</Filter>
    </ClCompile>
    <ClCompile Include="lencod\src\mbuffer.c">
      <Filter>src</Filter>
    </ClCompile>
    <ClCompile Include="lencod\src\mc_prediction.c">
      <Filter>src</Filter>
    </ClCompile>
    <ClCompile Include="lencod\src\md_common.c">
      <Filter>src</Filter>
    </ClCompile>
    <ClCompile Include="lencod\src\md_distortion.c">
      <Filter>src</Filter>
    </ClCompile>
    <ClCompile Include="lencod\src\md_high.c">
      <Filter>src</Filter>
    </ClCompile>
    <ClCompile Include="lencod\src\md_highfast.c">
      <Filter>src</Filter>
    </ClCompile>
    <ClCompile Include="lencod\src\md_highloss.c">
      <Filter>src</Filter>
    </ClCompile>
    <ClCompile Include="lencod\src\md_low.c">
      <Filter>src</Filter>
    </ClCompile>
    <ClCompile Include="lencod\src\me_distortion.c">
      <Filter>src</Filter>
    </ClCompile>
    <ClCompile Include="lencod\src\me_epzs.c">
      <Filter>src</Filter>
    </ClCompile>
    <ClCompile Include="lencod\src\me_epzs_common.c">
      <Filter>src</Filter>
    </ClCompile>
    <ClCompile Include="lencod\src\me_epzs_int.c">
      <Filter>src</Filter>
    </ClCompile>
    <ClCompile Include="lencod\src\me_epzs_sub.c">
      <Filter>src</Filter>
    </ClCompile>
    <ClCompile Include="lencod\src\me_fullfast.c">
      <Filter>src</Filter>
    </ClCompile>
    <ClCompile Include="lencod\src\me_fullsearch.c">
      <Filter>src</Filter>
    </ClCompile>
    <ClCompile Include="lencod\src\me_umhex.c">
      <Filter>src</Filter>
    </ClCompile>
    <ClCompile Include="lencod\src\me_umhexsmp.c">
      <Filter>src</Filter>
    </ClCompile>
    <ClCompile Include="lcommon\src\memalloc.c">
      <Filter>src</Filter>
    </ClCompile>
    <ClCompile Include="lencod\src\mmco.c">
      <Filter>src</Filter>
    </ClCompile>
    <ClCompile Include="lencod\src\mode_decision.c">
      <Filter>src</Filter>
    </ClCompile>
    <ClCompile Include="lencod\src\mode_decision_P8x8.c">
      <Filter>src</Filter>
    </ClCompile>
    <ClCompile Include="lencod\src\mv_direct.c">
      <Filter>src</Filter>
    </ClCompile>
    <ClCompile Include="lcommon\src\mv_prediction.c">
      <Filter>src</Filter>
    </ClCompile>
    <ClCompile Include="lencod\src\mv_search.c">
      <Filter>src</Filter>
    </ClCompile>
    <ClCompile Include="lencod\src\nal.c">
      <Filter>src</Filter>
    </ClCompile>
    <ClCompile Include="lencod\src\nalu.c">
      <Filter>src</Filter>
    </ClCompile>
    <ClCompile Include="lcommon\src\nalucommon.c">
      <Filter>src</Filter>
    </ClCompile>
    <ClCompile Include="lencod\src\output.c">
      <Filter>src</Filter>
    </ClCompile>
    <ClCompile Include="lencod\src\parset.c">
      <Filter>src</Filter>
    </ClCompile>
    <ClCompile Include="lcommon\src\parsetcommon.c">
      <Filter>src</Filter>
    </ClCompile>
    <ClCompile Include="lencod\src\pred_struct.c">
      <Filter>src</Filter>
    </ClCompile>
    <ClCompile Include="lencod\src\q_around.c">
      <Filter>src</Filter>
    </ClCompile>
    <ClCompile Include="lencod\src\q_matrix.c">
      <Filter>src</Filter>
    </ClCompile>
    <ClCompile Include="lencod\src\q_offsets.c">
      <Filter>src</Filter>
    </ClCompile>
    <ClCompile Include="lencod\src\quant4x4.c">
      <Filter>src</Filter>
    </ClCompile>
    <ClCompile Include="lencod\src\quant4x4_around.c">
      <Filter>src</Filter>
    </ClCompile>
    <ClCompile Include="lencod\src\quant4x4_normal.c">
      <Filter>src</Filter>
    </ClCompile>
    <ClCompile Include="lencod\src\quant4x4_trellis.c">
      <Filter>src</Filter>
    </ClCompile>
    <ClCompile Include="lencod\src\quant8x8.c">
      <Filter>src</Filter>
    </ClCompile>
    <ClCompile Include="lencod\src\quant8x8_around.c">
      <Filter>src</Filter>
    </ClCompile>
    <ClCompile Include="lencod\src\quant8x8_normal.c">
      <Filter>src</Filter>
    </ClCompile>
    <ClCompile Include="lencod\src\quant8x8_trellis.c">
      <Filter>src</Filter>
    </ClCompile>
    <ClCompile Include="lencod\src\quantChroma.c">
      <Filter>src</Filter>
    </ClCompile>
    <ClCompile Include="lencod\src\quantChroma_around.c">
      <Filter>src</Filter>
    </ClCompile>
    <ClCompile Include="lencod\src\quantChroma_normal.c">
      <Filter>src</Filter>
    </ClCompile>
    <ClCompile Include="lencod\src\quantChroma_trellis.c">
      <Filter>src</Filter>
    </ClCompile>
    <ClCompile Include="lencod\src\ratectl.c">
      <Filter>src</Filter>
    </ClCompile>
    <ClCompile Include="lencod\src\rc_quadratic.c">
      <Filter>src</Filter>
    </ClCompile>
    <ClCompile Include="lencod\src\rd_intra_jm.c">
      <Filter>src</Filter>
    </ClCompile>
    <ClCompile Include="lencod\src\rd_intra_jm444.c">
      <Filter>src</Filter>
    </ClCompile>
    <ClCompile Include="lencod\src\rd_intra_jm_low.c">
      <Filter>src</Filter>
    </ClCompile>
    <ClCompile Include="lencod\src\rdopt.c">
      <Filter>src</Filter>
    </ClCompile>
    <ClCompile Include="lencod\src\rdopt_coding_state.c">
      <Filter>src</Filter>
    </ClCompile>
    <ClCompile Include="lencod\src\rdoq.c">
      <Filter>src</Filter>
    </ClCompile>
    <ClCompile Include="lencod\src\rdoq_cabac.c">
      <Filter>src</Filter>
    </ClCompile>
    <ClCompile Include="lencod\src\rdoq_cavlc.c">
      <Filter>src</Filter>
    </ClCompile>
    <ClCompile Include="lencod\src\rdpicdecision.c">
      <Filter>src</Filter>
    </ClCompile>
    <ClCompile Include="lencod\src\report.c">
      <Filter>src</Filter>
    </ClCompile>
    <ClCompile Include="lencod\src\rtp.c">
      <Filter>src</Filter>
    </ClCompile>
    <ClCompile Include="lencod\src\sei.c">
      <Filter>src</Filter>
    </ClCompile>
    <ClCompile Include="lencod\src\slice.c">
      <Filter>src</Filter>
    </ClCompile>
    <ClCompile Include="lencod\src\symbol.c">
      <Filter>src</Filter>
    </ClCompile>
    <ClCompile Include="lcommon\src\transform.c">
      <Filter>src</Filter>
    </ClCompile>
    <ClCompile Include="lencod\src\transform8x8.c">
      <Filter>src</Filter>
    </ClCompile>
    <ClCompile Include="lencod\src\transform8x8_H444.c">
      <Filter>src</Filter>
    </ClCompile>
    <ClCompile Include="lencod\src\vlc.c">
      <Filter>src</Filter>
    </ClCompile>
    <ClCompile Include="lencod\src\weighted_prediction.c">
      <Filter>src</Filter>
    </ClCompile>
    <ClCompile Include="lcommon\src\win32.c">
      <Filter>src</Filter>
    </ClCompile>
    <ClCompile Include="lencod\src\wp_lms.c">
      <Filter>src</Filter>
    </ClCompile>
    <ClCompile Include="lencod\src\wp_mciter.c">
      <Filter>src</Filter>
    </ClCompile>
    <ClCompile Include="lencod\src\wp_mcprec.c">
      <Filter>src</Filter>
    </ClCompile>
    <ClCompile Include="lencod\src\img_chroma.c">
      <Filter>src</Filter>
    </ClCompile>
    <ClCompile Include="lencod\src\img_luma.c">
      <Filter>src</Filter>
    </ClCompile>
  </ItemGroup>
  <ItemGroup>
    <ClInclude Include="lencod\inc\annexb.h">
      <Filter>inc</Filter>
    </ClInclude>
    <ClInclude Include="lencod\inc\biariencode.h">
      <Filter>inc</Filter>
    </ClInclude>
    <ClInclude Include="lcommon\inc\blk_prediction.h">
      <Filter>inc</Filter>
    </ClInclude>
    <ClInclude Include="lencod\inc\block.h">
      <Filter>inc</Filter>
    </ClInclude>
    <ClInclude Include="lencod\inc\cabac.h">
      <Filter>inc</Filter>
    </ClInclude>
    <ClInclude Include="lencod\inc\cconv_yuv2rgb.h">
      <Filter>inc</Filter>
    </ClInclude>
    <ClInclude Include="lcommon\inc\config_common.h">
      <Filter>inc</Filter>
    </ClInclude>
    <ClInclude Include="lencod\inc\configfile.h">
      <Filter>inc</Filter>
    </ClInclude>
    <ClInclude Include="lencod\inc\conformance.h">
      <Filter>inc</Filter>
    </ClInclude>
    <ClInclude Include="lencod\inc\context_ini.h">
      <Filter>inc</Filter>
    </ClInclude>
    <ClInclude Include="lencod\inc\contributors.h">
      <Filter>inc</Filter>
    </ClInclude>
    <ClInclude Include="lcommon\inc\ctx_tables.h">
      <Filter>inc</Filter>
    </ClInclude>
    <ClInclude Include="lencod\inc\defines.h">
      <Filter>inc</Filter>
    </ClInclude>
    <ClInclude Include="lcommon\inc\distortion.h">
      <Filter>inc</Filter>
    </ClInclude>
    <ClInclude Include="lencod\inc\elements.h">
      <Filter>inc</Filter>
    </ClInclude>
    <ClInclude Include="lcommon\inc\enc_statistics.h">
      <Filter>inc</Filter>
    </ClInclude>
    <ClInclude Include="lencod\inc\errdo.h">
      <Filter>inc</Filter>
    </ClInclude>
    <ClInclude Include="lencod\inc\errdo_dist_mhyp.h">
      <Filter>inc</Filter>
    </ClInclude>
    <ClInclude Include="lencod\inc\explicit_gop.h">
      <Filter>inc</Filter>
    </ClInclude>
    <ClInclude Include="lencod\inc\explicit_seq.h">
      <Filter>inc</Filter>
    </ClInclude>
    <ClInclude Include="lcommon\inc\fast_memory.h">
      <Filter>inc</Filter>
    </ClInclude>
    <ClInclude Include="lencod\inc\filehandle.h">
      <Filter>inc</Filter>
    </ClInclude>
    <ClInclude Include="lencod\inc\fmo.h">
      <Filter>inc</Filter>
    </ClInclude>
    <ClInclude Include="lcommon\inc\frame.h">
      <Filter>inc</Filter>
    </ClInclude>
    <ClInclude Include="lencod\inc\global.h">
      <Filter>inc</Filter>
    </ClInclude>
    <ClInclude Include="lencod\inc\header.h">
      <Filter>inc</Filter>
    </ClInclude>
    <ClInclude Include="lcommon\inc\ifunctions.h">
      <Filter>inc</Filter>
    </ClInclude>
    <ClInclude Include="lencod\inc\image.h">
      <Filter>inc</Filter>
    </ClInclude>
    <ClInclude Include="lencod\inc\img_chroma.h">
      <Filter>inc</Filter>
    </ClInclude>
    <ClInclude Include="lencod\inc\img_dist_ms_ssim.h">
      <Filter>inc</Filter>
    </ClInclude>
    <ClInclude Include="lencod\inc\img_dist_snr.h">
      <Filter>inc</Filter>
    </ClInclude>
    <ClInclude Include="lencod\inc\img_dist_ssim.h">
      <Filter>inc</Filter>
    </ClInclude>
    <ClInclude Include="lcommon\inc\img_io.h">
      <Filter>inc</Filter>
    </ClInclude>
    <ClInclude Include="lencod\inc\img_distortion.h">
      <Filter>inc</Filter>
    </ClInclude>
    <ClInclude Include="lencod\inc\img_luma.h">
      <Filter>inc</Filter>
    </ClInclude>
    <ClInclude Include="lcommon\inc\img_process.h">
      <Filter>inc</Filter>
    </ClInclude>
    <ClInclude Include="lcommon\inc\img_process_types.h">
      <Filter>inc</Filter>
    </ClInclude>
    <ClInclude Include="lcommon\inc\input.h">
      <Filter>inc</Filter>
    </ClInclude>
    <ClInclude Include="lencod\inc\intra16x16.h">
      <Filter>inc</Filter>
    </ClInclude>
    <ClInclude Include="lencod\inc\intra4x4.h">
      <Filter>inc</Filter>
    </ClInclude>
    <ClInclude Include="lencod\inc\intra8x8.h">
      <Filter>inc</Filter>
    </ClInclude>
    <ClInclude Include="lencod\inc\intrarefresh.h">
      <Filter>inc</Filter>
    </ClInclude>
    <ClInclude Include="lcommon\inc\io_image.h">
      <Filter>inc</Filter>
    </ClInclude>
    <ClInclude Include="lcommon\inc\io_raw.h">
      <Filter>inc</Filter>
    </ClInclude>
    <ClInclude Include="lcommon\inc\io_tiff.h">
      <Filter>inc</Filter>
    </ClInclude>
    <ClInclude Include="lcommon\inc\io_video.h">
      <Filter>inc</Filter>
    </ClInclude>
    <ClInclude Include="lcommon\inc\lagrangian.h">
      <Filter>inc</Filter>
    </ClInclude>
    <ClInclude Include="lencod\inc\lambda.h">
      <Filter>inc</Filter>
    </ClInclude>
    <ClInclude Include="lencod\inc\leaky_bucket.h">
      <Filter>inc</Filter>
    </ClInclude>
    <ClInclude Include="lencod\inc\lln_mc_prediction.h">
      <Filter>inc</Filter>
    </ClInclude>
    <ClInclude Include="lencod\inc\loop_filter.h">
      <Filter>inc</Filter>
    </ClInclude>
    <ClInclude Include="lencod\inc\macroblock.h">
      <Filter>inc</Filter>
    </ClInclude>
    <ClInclude Include="lencod\inc\macroblock_p444.h">
      <Filter>inc</Filter>
    </ClInclude>
    <ClInclude Include="lcommon\inc\mb_access.h">
      <Filter>inc</Filter>
    </ClInclude>
    <ClInclude Include="lencod\inc\mbuffer.h">
      <Filter>inc</Filter>
    </ClInclude>
    <ClInclude Include="lencod\inc\mc_prediction.h">
      <Filter>inc</Filter>
    </ClInclude>
    <ClInclude Include="lencod\inc\md_common.h">
      <Filter>inc</Filter>
    </ClInclude>
    <ClInclude Include="lencod\inc\md_distortion.h">
      <Filter>inc</Filter>
    </ClInclude>
    <ClInclude Include="lencod\inc\me_distortion.h">
      <Filter>inc</Filter>
    </ClInclude>
    <ClInclude Include="lencod\inc\list_reorder.h">
      <Filter>inc</Filter>
    </ClInclude>
    <ClInclude Include="lencod\inc\me_epzs.h">
      <Filter>inc</Filter>
    </ClInclude>
    <ClInclude Include="lencod\inc\me_epzs_common.h">
      <Filter>inc</Filter>
    </ClInclude>
    <ClInclude Include="lencod\inc\me_epzs_int.h">
      <Filter>inc</Filter>
    </ClInclude>
    <ClInclude Include="lencod\inc\me_fullfast.h">
      <Filter>inc</Filter>
    </ClInclude>
    <ClInclude Include="lencod\inc\me_fullsearch.h">
      <Filter>inc</Filter>
    </ClInclude>
    <ClInclude Include="lencod\inc\me_umhex.h">
      <Filter>inc</Filter>
    </ClInclude>
    <ClInclude Include="lencod\inc\me_umhexsmp.h">
      <Filter>inc</Filter>
    </ClInclude>
    <ClInclude Include="lcommon\inc\memalloc.h">
      <Filter>inc</Filter>
    </ClInclude>
    <ClInclude Include="lencod\inc\mmco.h">
      <Filter>inc</Filter>
    </ClInclude>
    <ClInclude Include="lencod\inc\mode_decision.h">
      <Filter>inc</Filter>
    </ClInclude>
    <ClInclude Include="lencod\inc\mode_decision_p8x8.h">
      <Filter>inc</Filter>
    </ClInclude>
    <ClInclude Include="lcommon\inc\mv_prediction.h">
      <Filter>inc</Filter>
    </ClInclude>
    <ClInclude Include="lencod\inc\mv_search.h">
      <Filter>inc</Filter>
    </ClInclude>
    <ClInclude Include="lencod\inc\nal.h">
      <Filter>inc</Filter>
    </ClInclude>
    <ClInclude Include="lencod\inc\nalu.h">
      <Filter>inc</Filter>
    </ClInclude>
    <ClInclude Include="lcommon\inc\nalucommon.h">
      <Filter>inc</Filter>
    </ClInclude>
    <ClInclude Include="lencod\inc\output.h">
      <Filter>inc</Filter>
    </ClInclude>
    <ClInclude Include="lcommon\inc\params.h">
      <Filter>inc</Filter>
    </ClInclude>
    <ClInclude Include="lencod\inc\parset.h">
      <Filter>inc</Filter>
    </ClInclude>
    <ClInclude Include="lcommon\inc\parsetcommon.h">
      <Filter>inc</Filter>
    </ClInclude>
    <ClInclude Include="lencod\inc\pred_struct.h">
      <Filter>inc</Filter>
    </ClInclude>
    <ClInclude Include="lencod\inc\pred_struct_adapt.h">
      <Filter>inc</Filter>
    </ClInclude>
    <ClInclude Include="lencod\inc\pred_struct_adapt_types.h">
      <Filter>inc</Filter>
    </ClInclude>
    <ClInclude Include="lencod\inc\pred_struct_types.h">
      <Filter>inc</Filter>
    </ClInclude>
    <ClInclude Include="lencod\inc\q_around.h">
      <Filter>inc</Filter>
    </ClInclude>
    <ClInclude Include="lencod\inc\q_matrix.h">
      <Filter>inc</Filter>
    </ClInclude>
    <ClInclude Include="lencod\inc\q_offsets.h">
      <Filter>inc</Filter>
    </ClInclude>
    <ClInclude Include="lencod\inc\quant4x4.h">
      <Filter>inc</Filter>
    </ClInclude>
    <ClInclude Include="lencod\inc\quant8x8.h">
      <Filter>inc</Filter>
    </ClInclude>
    <ClInclude Include="lcommon\inc\quant_params.h">
      <Filter>inc</Filter>
    </ClInclude>
    <ClInclude Include="lencod\inc\quantChroma.h">
      <Filter>inc</Filter>
    </ClInclude>
    <ClInclude Include="lencod\inc\ratectl.h">
      <Filter>inc</Filter>
    </ClInclude>
    <ClInclude Include="lencod\inc\rc_quadratic.h">
      <Filter>inc</Filter>
    </ClInclude>
    <ClInclude Include="lencod\inc\rc_types.h">
      <Filter>inc</Filter>
    </ClInclude>
    <ClInclude Include="lencod\inc\rd_intra_jm.h">
      <Filter>inc</Filter>
    </ClInclude>
    <ClInclude Include="lencod\inc\rd_intra_jm444.h">
      <Filter>inc</Filter>
    </ClInclude>
    <ClInclude Include="lencod\inc\rdopt.h">
      <Filter>inc</Filter>
    </ClInclude>
    <ClInclude Include="lencod\inc\rdopt_coding_state.h">
      <Filter>inc</Filter>
    </ClInclude>
    <ClInclude Include="lencod\inc\rdoq.h">
      <Filter>inc</Filter>
    </ClInclude>
    <ClInclude Include="lencod\inc\refbuf.h">
      <Filter>inc</Filter>
    </ClInclude>
    <ClInclude Include="lcommon\inc\report.h">
      <Filter>inc</Filter>
    </ClInclude>
    <ClInclude Include="lencod\inc\rtp.h">
      <Filter>inc</Filter>
    </ClInclude>
    <ClInclude Include="lencod\inc\sei.h">
      <Filter>inc</Filter>
    </ClInclude>
    <ClInclude Include="lencod\inc\slice.h">
      <Filter>inc</Filter>
    </ClInclude>
    <ClInclude Include="lencod\inc\symbol.h">
      <Filter>inc</Filter>
    </ClInclude>
    <ClInclude Include="lcommon\inc\transform.h">
      <Filter>inc</Filter>
    </ClInclude>
    <ClInclude Include="lencod\inc\transform8x8.h">
      <Filter>inc</Filter>
    </ClInclude>
    <ClInclude Include="lcommon\inc\typedefs.h">
      <Filter>inc</Filter>
    </ClInclude>
    <ClInclude Include="lcommon\inc\types.h">
      <Filter>inc</Filter>
    </ClInclude>
    <ClInclude Include="lencod\inc\vlc.h">
      <Filter>inc</Filter>
    </ClInclude>
    <ClInclude Include="lcommon\inc\vui_params.h">
      <Filter>inc</Filter>
    </ClInclude>
    <ClInclude Include="lcommon\inc\win32.h">
      <Filter>inc</Filter>
    </ClInclude>
    <ClInclude Include="lencod\inc\wp.h">
      <Filter>inc</Filter>
    </ClInclude>
    <ClInclude Include="lencod\inc\wp_lms.h">
      <Filter>inc</Filter>
    </ClInclude>
    <ClInclude Include="lencod\inc\wp_mciter.h">
      <Filter>inc</Filter>
    </ClInclude>
    <ClInclude Include="lencod\inc\wp_mcprec.h">
      <Filter>inc</Filter>
    </ClInclude>
  </ItemGroup>
  <ItemGroup>
    <None Include="bin\encoder.cfg" />
    <None Include="bin\encoder_yuv422.cfg" />
  </ItemGroup>
  <ItemGroup>
    <Filter Include="src">
      <UniqueIdentifier>{1b465f38-ce26-4b01-bdaa-4773aa307d9a}</UniqueIdentifier>
    </Filter>
    <Filter Include="inc">
      <UniqueIdentifier>{e41f7e0b-3c23-4ca0-b86d-6ca46712296b}</UniqueIdentifier>
    </Filter>
  </ItemGroup>
</Project>