Microsoft Visual Studio Solution File, Format Version 8.00
Project("{8BC9CEB8-8B4A-11D0-8D11-00A0C91BC942}") = "ldecod", "ldecod.vcproj", "{E0D5A56C-2B8E-4535-91EF-A901EF2FF46C}"
	ProjectSection(ProjectDependencies) = postProject
	EndProjectSection
EndProject
Project("{8BC9CEB8-8B4A-11D0-8D11-00A0C91BC942}") = "lencod", "lencod.vcproj", "{934DB84B-FA85-479B-934A-CCB6F4EEC906}"
	ProjectSection(ProjectDependencies) = postProject
	EndProjectSection
EndProject
Project("{8BC9CEB8-8B4A-11D0-8D11-00A0C91BC942}") = "rtpdump", "rtpdump\rtpdump.vcproj", "{602AD84B-2968-488F-A091-B15F5C7481BA}"
	ProjectSection(ProjectDependencies) = postProject
	EndProjectSection
EndProject
Global
	GlobalSection(SolutionConfiguration) = preSolution
		Debug = Debug
		Release = Release
	EndGlobalSection
	GlobalSection(ProjectConfiguration) = postSolution
		{E0D5A56C-2B8E-4535-91EF-A901EF2FF46C}.Debug.ActiveCfg = Debug|Win32
		{E0D5A56C-2B8E-4535-91EF-A901EF2FF46C}.Debug.Build.0 = Debug|Win32
		{E0D5A56C-2B8E-4535-91EF-A901EF2FF46C}.Release.ActiveCfg = Release|Win32
		{E0D5A56C-2B8E-4535-91EF-A901EF2FF46C}.Release.Build.0 = Release|Win32
		{934DB84B-FA85-479B-934A-CCB6F4EEC906}.Debug.ActiveCfg = Debug|Win32
		{934DB84B-FA85-479B-934A-CCB6F4EEC906}.Debug.Build.0 = Debug|Win32
		{934DB84B-FA85-479B-934A-CCB6F4EEC906}.Release.ActiveCfg = Release|Win32
		{934DB84B-FA85-479B-934A-CCB6F4EEC906}.Release.Build.0 = Release|Win32
		{602AD84B-2968-488F-A091-B15F5C7481BA}.Debug.ActiveCfg = Debug|Win32
		{602AD84B-2968-488F-A091-B15F5C7481BA}.Debug.Build.0 = Debug|Win32
		{602AD84B-2968-488F-A091-B15F5C7481BA}.Release.ActiveCfg = Release|Win32
		{602AD84B-2968-488F-A091-B15F5C7481BA}.Release.Build.0 = Release|Win32
	EndGlobalSection
	GlobalSection(ExtensibilityGlobals) = postSolution
	EndGlobalSection
	GlobalSection(ExtensibilityAddIns) = postSolution
	EndGlobalSection
EndGlobal
